// !$*UTF8*$!
{
	archiveVersion = 1;
	classes = {
	};
	objectVersion = 46;
	objects = {

/* Begin PBXBuildFile section */
		8932AD6B1D13BD0100F6AC84 /* Mode.swift in Sources */ = {isa = PBXBuildFile; fileRef = 8932AD6A1D13BD0100F6AC84 /* Mode.swift */; };
		8932AD6D1D14554700F6AC84 /* Timer.swift in Sources */ = {isa = PBXBuildFile; fileRef = 8932AD6C1D14554700F6AC84 /* Timer.swift */; };
		89EFF7BD1D1208C3004DEA93 /* GoalPost.swift in Sources */ = {isa = PBXBuildFile; fileRef = 89EFF7BC1D1208C3004DEA93 /* GoalPost.swift */; };
		89EFF7BF1D121703004DEA93 /* GoalPost.swift in Sources */ = {isa = PBXBuildFile; fileRef = 89EFF7BC1D1208C3004DEA93 /* GoalPost.swift */; };
		89EFF7C11D122FBA004DEA93 /* Ball.swift in Sources */ = {isa = PBXBuildFile; fileRef = 89EFF7C01D122FBA004DEA93 /* Ball.swift */; };
		DC83CF2D1D10A85C0044D0E1 /* TitleScene.swift in Sources */ = {isa = PBXBuildFile; fileRef = DC83CF2C1D10A85C0044D0E1 /* TitleScene.swift */; };
		DC83CF2F1D10CB780044D0E1 /* Player.swift in Sources */ = {isa = PBXBuildFile; fileRef = DC83CF2E1D10CB780044D0E1 /* Player.swift */; };
		DC83DCFC1D1089EA00E1C3F8 /* AppDelegate.swift in Sources */ = {isa = PBXBuildFile; fileRef = DC83DCFB1D1089EA00E1C3F8 /* AppDelegate.swift */; };
		DC83DCFE1D1089EA00E1C3F8 /* GameScene.sks in Resources */ = {isa = PBXBuildFile; fileRef = DC83DCFD1D1089EA00E1C3F8 /* GameScene.sks */; };
		DC83DD001D1089EA00E1C3F8 /* GameScene.swift in Sources */ = {isa = PBXBuildFile; fileRef = DC83DCFF1D1089EA00E1C3F8 /* GameScene.swift */; };
		DC83DD021D1089EA00E1C3F8 /* GameViewController.swift in Sources */ = {isa = PBXBuildFile; fileRef = DC83DD011D1089EA00E1C3F8 /* GameViewController.swift */; };
		DC83DD051D1089EA00E1C3F8 /* Main.storyboard in Resources */ = {isa = PBXBuildFile; fileRef = DC83DD031D1089EA00E1C3F8 /* Main.storyboard */; };
		DC83DD071D1089EA00E1C3F8 /* Assets.xcassets in Resources */ = {isa = PBXBuildFile; fileRef = DC83DD061D1089EA00E1C3F8 /* Assets.xcassets */; };
		DC83DD0A1D1089EA00E1C3F8 /* LaunchScreen.storyboard in Resources */ = {isa = PBXBuildFile; fileRef = DC83DD081D1089EA00E1C3F8 /* LaunchScreen.storyboard */; };
		DC83DD151D1089EA00E1C3F8 /* StrategicSoccerTests.swift in Sources */ = {isa = PBXBuildFile; fileRef = DC83DD141D1089EA00E1C3F8 /* StrategicSoccerTests.swift */; };
		DC83DD201D1089EA00E1C3F8 /* StrategicSoccerUITests.swift in Sources */ = {isa = PBXBuildFile; fileRef = DC83DD1F1D1089EA00E1C3F8 /* StrategicSoccerUITests.swift */; };
/* End PBXBuildFile section */

/* Begin PBXContainerItemProxy section */
		DC83DD111D1089EA00E1C3F8 /* PBXContainerItemProxy */ = {
			isa = PBXContainerItemProxy;
			containerPortal = DC83DCF01D1089E900E1C3F8 /* Project object */;
			proxyType = 1;
			remoteGlobalIDString = DC83DCF71D1089EA00E1C3F8;
			remoteInfo = StrategicSoccer;
		};
		DC83DD1C1D1089EA00E1C3F8 /* PBXContainerItemProxy */ = {
			isa = PBXContainerItemProxy;
			containerPortal = DC83DCF01D1089E900E1C3F8 /* Project object */;
			proxyType = 1;
			remoteGlobalIDString = DC83DCF71D1089EA00E1C3F8;
			remoteInfo = StrategicSoccer;
		};
/* End PBXContainerItemProxy section */

/* Begin PBXFileReference section */
		8932AD6A1D13BD0100F6AC84 /* Mode.swift */ = {isa = PBXFileReference; fileEncoding = 4; lastKnownFileType = sourcecode.swift; path = Mode.swift; sourceTree = "<group>"; };
		8932AD6C1D14554700F6AC84 /* Timer.swift */ = {isa = PBXFileReference; fileEncoding = 4; lastKnownFileType = sourcecode.swift; path = Timer.swift; sourceTree = "<group>"; };
		89EFF7BC1D1208C3004DEA93 /* GoalPost.swift */ = {isa = PBXFileReference; fileEncoding = 4; lastKnownFileType = sourcecode.swift; path = GoalPost.swift; sourceTree = "<group>"; };
		89EFF7C01D122FBA004DEA93 /* Ball.swift */ = {isa = PBXFileReference; fileEncoding = 4; lastKnownFileType = sourcecode.swift; path = Ball.swift; sourceTree = "<group>"; };
		DC83CF2C1D10A85C0044D0E1 /* TitleScene.swift */ = {isa = PBXFileReference; fileEncoding = 4; lastKnownFileType = sourcecode.swift; name = TitleScene.swift; path = ../TitleScene.swift; sourceTree = "<group>"; };
		DC83CF2E1D10CB780044D0E1 /* Player.swift */ = {isa = PBXFileReference; fileEncoding = 4; lastKnownFileType = sourcecode.swift; path = Player.swift; sourceTree = "<group>"; };
		DC83DCF81D1089EA00E1C3F8 /* StrategicSoccer.app */ = {isa = PBXFileReference; explicitFileType = wrapper.application; includeInIndex = 0; path = StrategicSoccer.app; sourceTree = BUILT_PRODUCTS_DIR; };
		DC83DCFB1D1089EA00E1C3F8 /* AppDelegate.swift */ = {isa = PBXFileReference; lastKnownFileType = sourcecode.swift; path = AppDelegate.swift; sourceTree = "<group>"; };
		DC83DCFD1D1089EA00E1C3F8 /* GameScene.sks */ = {isa = PBXFileReference; lastKnownFileType = file.sks; path = GameScene.sks; sourceTree = "<group>"; };
		DC83DCFF1D1089EA00E1C3F8 /* GameScene.swift */ = {isa = PBXFileReference; lastKnownFileType = sourcecode.swift; path = GameScene.swift; sourceTree = "<group>"; };
		DC83DD011D1089EA00E1C3F8 /* GameViewController.swift */ = {isa = PBXFileReference; lastKnownFileType = sourcecode.swift; path = GameViewController.swift; sourceTree = "<group>"; };
		DC83DD041D1089EA00E1C3F8 /* Base */ = {isa = PBXFileReference; lastKnownFileType = file.storyboard; name = Base; path = Base.lproj/Main.storyboard; sourceTree = "<group>"; };
		DC83DD061D1089EA00E1C3F8 /* Assets.xcassets */ = {isa = PBXFileReference; lastKnownFileType = folder.assetcatalog; path = Assets.xcassets; sourceTree = "<group>"; };
		DC83DD091D1089EA00E1C3F8 /* Base */ = {isa = PBXFileReference; lastKnownFileType = file.storyboard; name = Base; path = Base.lproj/LaunchScreen.storyboard; sourceTree = "<group>"; };
		DC83DD0B1D1089EA00E1C3F8 /* Info.plist */ = {isa = PBXFileReference; lastKnownFileType = text.plist.xml; path = Info.plist; sourceTree = "<group>"; };
		DC83DD101D1089EA00E1C3F8 /* StrategicSoccerTests.xctest */ = {isa = PBXFileReference; explicitFileType = wrapper.cfbundle; includeInIndex = 0; path = StrategicSoccerTests.xctest; sourceTree = BUILT_PRODUCTS_DIR; };
		DC83DD141D1089EA00E1C3F8 /* StrategicSoccerTests.swift */ = {isa = PBXFileReference; lastKnownFileType = sourcecode.swift; path = StrategicSoccerTests.swift; sourceTree = "<group>"; };
		DC83DD161D1089EA00E1C3F8 /* Info.plist */ = {isa = PBXFileReference; lastKnownFileType = text.plist.xml; path = Info.plist; sourceTree = "<group>"; };
		DC83DD1B1D1089EA00E1C3F8 /* StrategicSoccerUITests.xctest */ = {isa = PBXFileReference; explicitFileType = wrapper.cfbundle; includeInIndex = 0; path = StrategicSoccerUITests.xctest; sourceTree = BUILT_PRODUCTS_DIR; };
		DC83DD1F1D1089EA00E1C3F8 /* StrategicSoccerUITests.swift */ = {isa = PBXFileReference; lastKnownFileType = sourcecode.swift; path = StrategicSoccerUITests.swift; sourceTree = "<group>"; };
		DC83DD211D1089EA00E1C3F8 /* Info.plist */ = {isa = PBXFileReference; lastKnownFileType = text.plist.xml; path = Info.plist; sourceTree = "<group>"; };
/* End PBXFileReference section */

/* Begin PBXFrameworksBuildPhase section */
		DC83DCF51D1089EA00E1C3F8 /* Frameworks */ = {
			isa = PBXFrameworksBuildPhase;
			buildActionMask = 2147483647;
			files = (
			);
			runOnlyForDeploymentPostprocessing = 0;
		};
		DC83DD0D1D1089EA00E1C3F8 /* Frameworks */ = {
			isa = PBXFrameworksBuildPhase;
			buildActionMask = 2147483647;
			files = (
			);
			runOnlyForDeploymentPostprocessing = 0;
		};
		DC83DD181D1089EA00E1C3F8 /* Frameworks */ = {
			isa = PBXFrameworksBuildPhase;
			buildActionMask = 2147483647;
			files = (
			);
			runOnlyForDeploymentPostprocessing = 0;
		};
/* End PBXFrameworksBuildPhase section */

/* Begin PBXGroup section */
		DC83DCEF1D1089E900E1C3F8 = {
			isa = PBXGroup;
			children = (
				DC83DCFA1D1089EA00E1C3F8 /* StrategicSoccer */,
				DC83DD131D1089EA00E1C3F8 /* StrategicSoccerTests */,
				DC83DD1E1D1089EA00E1C3F8 /* StrategicSoccerUITests */,
				DC83DCF91D1089EA00E1C3F8 /* Products */,
			);
			sourceTree = "<group>";
		};
		DC83DCF91D1089EA00E1C3F8 /* Products */ = {
			isa = PBXGroup;
			children = (
				DC83DCF81D1089EA00E1C3F8 /* StrategicSoccer.app */,
				DC83DD101D1089EA00E1C3F8 /* StrategicSoccerTests.xctest */,
				DC83DD1B1D1089EA00E1C3F8 /* StrategicSoccerUITests.xctest */,
			);
			name = Products;
			sourceTree = "<group>";
		};
		DC83DCFA1D1089EA00E1C3F8 /* StrategicSoccer */ = {
			isa = PBXGroup;
			children = (
				DC83CF2C1D10A85C0044D0E1 /* TitleScene.swift */,
				DC83DCFB1D1089EA00E1C3F8 /* AppDelegate.swift */,
				DC83DCFD1D1089EA00E1C3F8 /* GameScene.sks */,
				DC83DCFF1D1089EA00E1C3F8 /* GameScene.swift */,
				8932AD6C1D14554700F6AC84 /* Timer.swift */,
				8932AD6A1D13BD0100F6AC84 /* Mode.swift */,
				89EFF7C01D122FBA004DEA93 /* Ball.swift */,
				89EFF7BC1D1208C3004DEA93 /* GoalPost.swift */,
				DC83DD011D1089EA00E1C3F8 /* GameViewController.swift */,
				DC83DD031D1089EA00E1C3F8 /* Main.storyboard */,
				DC83DD061D1089EA00E1C3F8 /* Assets.xcassets */,
				DC83CF2E1D10CB780044D0E1 /* Player.swift */,
				DC83DD081D1089EA00E1C3F8 /* LaunchScreen.storyboard */,
				DC83DD0B1D1089EA00E1C3F8 /* Info.plist */,
			);
			path = StrategicSoccer;
			sourceTree = "<group>";
		};
		DC83DD131D1089EA00E1C3F8 /* StrategicSoccerTests */ = {
			isa = PBXGroup;
			children = (
				DC83DD141D1089EA00E1C3F8 /* StrategicSoccerTests.swift */,
				DC83DD161D1089EA00E1C3F8 /* Info.plist */,
			);
			path = StrategicSoccerTests;
			sourceTree = "<group>";
		};
		DC83DD1E1D1089EA00E1C3F8 /* StrategicSoccerUITests */ = {
			isa = PBXGroup;
			children = (
				DC83DD1F1D1089EA00E1C3F8 /* StrategicSoccerUITests.swift */,
				DC83DD211D1089EA00E1C3F8 /* Info.plist */,
			);
			path = StrategicSoccerUITests;
			sourceTree = "<group>";
		};
/* End PBXGroup section */

/* Begin PBXNativeTarget section */
		DC83DCF71D1089EA00E1C3F8 /* StrategicSoccer */ = {
			isa = PBXNativeTarget;
			buildConfigurationList = DC83DD241D1089EA00E1C3F8 /* Build configuration list for PBXNativeTarget "StrategicSoccer" */;
			buildPhases = (
				DC83DCF41D1089EA00E1C3F8 /* Sources */,
				DC83DCF51D1089EA00E1C3F8 /* Frameworks */,
				DC83DCF61D1089EA00E1C3F8 /* Resources */,
			);
			buildRules = (
			);
			dependencies = (
			);
			name = StrategicSoccer;
			productName = StrategicSoccer;
			productReference = DC83DCF81D1089EA00E1C3F8 /* StrategicSoccer.app */;
			productType = "com.apple.product-type.application";
		};
		DC83DD0F1D1089EA00E1C3F8 /* StrategicSoccerTests */ = {
			isa = PBXNativeTarget;
			buildConfigurationList = DC83DD271D1089EA00E1C3F8 /* Build configuration list for PBXNativeTarget "StrategicSoccerTests" */;
			buildPhases = (
				DC83DD0C1D1089EA00E1C3F8 /* Sources */,
				DC83DD0D1D1089EA00E1C3F8 /* Frameworks */,
				DC83DD0E1D1089EA00E1C3F8 /* Resources */,
			);
			buildRules = (
			);
			dependencies = (
				DC83DD121D1089EA00E1C3F8 /* PBXTargetDependency */,
			);
			name = StrategicSoccerTests;
			productName = StrategicSoccerTests;
			productReference = DC83DD101D1089EA00E1C3F8 /* StrategicSoccerTests.xctest */;
			productType = "com.apple.product-type.bundle.unit-test";
		};
		DC83DD1A1D1089EA00E1C3F8 /* StrategicSoccerUITests */ = {
			isa = PBXNativeTarget;
			buildConfigurationList = DC83DD2A1D1089EA00E1C3F8 /* Build configuration list for PBXNativeTarget "StrategicSoccerUITests" */;
			buildPhases = (
				DC83DD171D1089EA00E1C3F8 /* Sources */,
				DC83DD181D1089EA00E1C3F8 /* Frameworks */,
				DC83DD191D1089EA00E1C3F8 /* Resources */,
			);
			buildRules = (
			);
			dependencies = (
				DC83DD1D1D1089EA00E1C3F8 /* PBXTargetDependency */,
			);
			name = StrategicSoccerUITests;
			productName = StrategicSoccerUITests;
			productReference = DC83DD1B1D1089EA00E1C3F8 /* StrategicSoccerUITests.xctest */;
			productType = "com.apple.product-type.bundle.ui-testing";
		};
/* End PBXNativeTarget section */

/* Begin PBXProject section */
		DC83DCF01D1089E900E1C3F8 /* Project object */ = {
			isa = PBXProject;
			attributes = {
				LastSwiftUpdateCheck = 0730;
				LastUpgradeCheck = 0730;
				ORGANIZATIONNAME = HS;
				TargetAttributes = {
					DC83DCF71D1089EA00E1C3F8 = {
						CreatedOnToolsVersion = 7.3.1;
						DevelopmentTeam = D2ZMJ8S8D5;
					};
					DC83DD0F1D1089EA00E1C3F8 = {
						CreatedOnToolsVersion = 7.3.1;
						TestTargetID = DC83DCF71D1089EA00E1C3F8;
					};
					DC83DD1A1D1089EA00E1C3F8 = {
						CreatedOnToolsVersion = 7.3.1;
						TestTargetID = DC83DCF71D1089EA00E1C3F8;
					};
				};
			};
			buildConfigurationList = DC83DCF31D1089E900E1C3F8 /* Build configuration list for PBXProject "StrategicSoccer" */;
			compatibilityVersion = "Xcode 3.2";
			developmentRegion = English;
			hasScannedForEncodings = 0;
			knownRegions = (
				en,
				Base,
			);
			mainGroup = DC83DCEF1D1089E900E1C3F8;
			productRefGroup = DC83DCF91D1089EA00E1C3F8 /* Products */;
			projectDirPath = "";
			projectRoot = "";
			targets = (
				DC83DCF71D1089EA00E1C3F8 /* StrategicSoccer */,
				DC83DD0F1D1089EA00E1C3F8 /* StrategicSoccerTests */,
				DC83DD1A1D1089EA00E1C3F8 /* StrategicSoccerUITests */,
			);
		};
/* End PBXProject section */

/* Begin PBXResourcesBuildPhase section */
		DC83DCF61D1089EA00E1C3F8 /* Resources */ = {
			isa = PBXResourcesBuildPhase;
			buildActionMask = 2147483647;
			files = (
				DC83DCFE1D1089EA00E1C3F8 /* GameScene.sks in Resources */,
				DC83DD0A1D1089EA00E1C3F8 /* LaunchScreen.storyboard in Resources */,
				DC83DD071D1089EA00E1C3F8 /* Assets.xcassets in Resources */,
				DC83DD051D1089EA00E1C3F8 /* Main.storyboard in Resources */,
			);
			runOnlyForDeploymentPostprocessing = 0;
		};
		DC83DD0E1D1089EA00E1C3F8 /* Resources */ = {
			isa = PBXResourcesBuildPhase;
			buildActionMask = 2147483647;
			files = (
			);
			runOnlyForDeploymentPostprocessing = 0;
		};
		DC83DD191D1089EA00E1C3F8 /* Resources */ = {
			isa = PBXResourcesBuildPhase;
			buildActionMask = 2147483647;
			files = (
			);
			runOnlyForDeploymentPostprocessing = 0;
		};
/* End PBXResourcesBuildPhase section */

/* Begin PBXSourcesBuildPhase section */
		DC83DCF41D1089EA00E1C3F8 /* Sources */ = {
			isa = PBXSourcesBuildPhase;
			buildActionMask = 2147483647;
			files = (
				DC83DD001D1089EA00E1C3F8 /* GameScene.swift in Sources */,
				DC83DD021D1089EA00E1C3F8 /* GameViewController.swift in Sources */,
				8932AD6B1D13BD0100F6AC84 /* Mode.swift in Sources */,
				DC83DCFC1D1089EA00E1C3F8 /* AppDelegate.swift in Sources */,
				DC83CF2F1D10CB780044D0E1 /* Player.swift in Sources */,
				DC83CF2D1D10A85C0044D0E1 /* TitleScene.swift in Sources */,
				8932AD6D1D14554700F6AC84 /* Timer.swift in Sources */,
				89EFF7C11D122FBA004DEA93 /* Ball.swift in Sources */,
				89EFF7BD1D1208C3004DEA93 /* GoalPost.swift in Sources */,
			);
			runOnlyForDeploymentPostprocessing = 0;
		};
		DC83DD0C1D1089EA00E1C3F8 /* Sources */ = {
			isa = PBXSourcesBuildPhase;
			buildActionMask = 2147483647;
			files = (
				89EFF7BF1D121703004DEA93 /* GoalPost.swift in Sources */,
				DC83DD151D1089EA00E1C3F8 /* StrategicSoccerTests.swift in Sources */,
			);
			runOnlyForDeploymentPostprocessing = 0;
		};
		DC83DD171D1089EA00E1C3F8 /* Sources */ = {
			isa = PBXSourcesBuildPhase;
			buildActionMask = 2147483647;
			files = (
				DC83DD201D1089EA00E1C3F8 /* StrategicSoccerUITests.swift in Sources */,
			);
			runOnlyForDeploymentPostprocessing = 0;
		};
/* End PBXSourcesBuildPhase section */

/* Begin PBXTargetDependency section */
		DC83DD121D1089EA00E1C3F8 /* PBXTargetDependency */ = {
			isa = PBXTargetDependency;
			target = DC83DCF71D1089EA00E1C3F8 /* StrategicSoccer */;
			targetProxy = DC83DD111D1089EA00E1C3F8 /* PBXContainerItemProxy */;
		};
		DC83DD1D1D1089EA00E1C3F8 /* PBXTargetDependency */ = {
			isa = PBXTargetDependency;
			target = DC83DCF71D1089EA00E1C3F8 /* StrategicSoccer */;
			targetProxy = DC83DD1C1D1089EA00E1C3F8 /* PBXContainerItemProxy */;
		};
/* End PBXTargetDependency section */

/* Begin PBXVariantGroup section */
		DC83DD031D1089EA00E1C3F8 /* Main.storyboard */ = {
			isa = PBXVariantGroup;
			children = (
				DC83DD041D1089EA00E1C3F8 /* Base */,
			);
			name = Main.storyboard;
			sourceTree = "<group>";
		};
		DC83DD081D1089EA00E1C3F8 /* LaunchScreen.storyboard */ = {
			isa = PBXVariantGroup;
			children = (
				DC83DD091D1089EA00E1C3F8 /* Base */,
			);
			name = LaunchScreen.storyboard;
			sourceTree = "<group>";
		};
/* End PBXVariantGroup section */

/* Begin XCBuildConfiguration section */
		DC83DD221D1089EA00E1C3F8 /* Debug */ = {
			isa = XCBuildConfiguration;
			buildSettings = {
				ALWAYS_SEARCH_USER_PATHS = NO;
				CLANG_ANALYZER_NONNULL = YES;
				CLANG_CXX_LANGUAGE_STANDARD = "gnu++0x";
				CLANG_CXX_LIBRARY = "libc++";
				CLANG_ENABLE_MODULES = YES;
				CLANG_ENABLE_OBJC_ARC = YES;
				CLANG_WARN_BOOL_CONVERSION = YES;
				CLANG_WARN_CONSTANT_CONVERSION = YES;
				CLANG_WARN_DIRECT_OBJC_ISA_USAGE = YES_ERROR;
				CLANG_WARN_EMPTY_BODY = YES;
				CLANG_WARN_ENUM_CONVERSION = YES;
				CLANG_WARN_INT_CONVERSION = YES;
				CLANG_WARN_OBJC_ROOT_CLASS = YES_ERROR;
				CLANG_WARN_UNREACHABLE_CODE = YES;
				CLANG_WARN__DUPLICATE_METHOD_MATCH = YES;
				"CODE_SIGN_IDENTITY[sdk=iphoneos*]" = "iPhone Developer";
				COPY_PHASE_STRIP = NO;
				DEBUG_INFORMATION_FORMAT = "dwarf-with-dsym";
				ENABLE_STRICT_OBJC_MSGSEND = YES;
				ENABLE_TESTABILITY = YES;
				GCC_C_LANGUAGE_STANDARD = gnu99;
				GCC_DYNAMIC_NO_PIC = NO;
				GCC_NO_COMMON_BLOCKS = YES;
				GCC_OPTIMIZATION_LEVEL = 0;
				GCC_PREPROCESSOR_DEFINITIONS = (
					"DEBUG=1",
					"$(inherited)",
				);
				GCC_WARN_64_TO_32_BIT_CONVERSION = YES;
				GCC_WARN_ABOUT_RETURN_TYPE = YES_ERROR;
				GCC_WARN_UNDECLARED_SELECTOR = YES;
				GCC_WARN_UNINITIALIZED_AUTOS = YES_AGGRESSIVE;
				GCC_WARN_UNUSED_FUNCTION = YES;
				GCC_WARN_UNUSED_VARIABLE = YES;
				IPHONEOS_DEPLOYMENT_TARGET = 9.3;
				MTL_ENABLE_DEBUG_INFO = YES;
				ONLY_ACTIVE_ARCH = YES;
				SDKROOT = iphoneos;
				SWIFT_OPTIMIZATION_LEVEL = "-Onone";
				TARGETED_DEVICE_FAMILY = "1,2";
			};
			name = Debug;
		};
		DC83DD231D1089EA00E1C3F8 /* Release */ = {
			isa = XCBuildConfiguration;
			buildSettings = {
				ALWAYS_SEARCH_USER_PATHS = NO;
				CLANG_ANALYZER_NONNULL = YES;
				CLANG_CXX_LANGUAGE_STANDARD = "gnu++0x";
				CLANG_CXX_LIBRARY = "libc++";
				CLANG_ENABLE_MODULES = YES;
				CLANG_ENABLE_OBJC_ARC = YES;
				CLANG_WARN_BOOL_CONVERSION = YES;
				CLANG_WARN_CONSTANT_CONVERSION = YES;
				CLANG_WARN_DIRECT_OBJC_ISA_USAGE = YES_ERROR;
				CLANG_WARN_EMPTY_BODY = YES;
				CLANG_WARN_ENUM_CONVERSION = YES;
				CLANG_WARN_INT_CONVERSION = YES;
				CLANG_WARN_OBJC_ROOT_CLASS = YES_ERROR;
				CLANG_WARN_UNREACHABLE_CODE = YES;
				CLANG_WARN__DUPLICATE_METHOD_MATCH = YES;
				"CODE_SIGN_IDENTITY[sdk=iphoneos*]" = "iPhone Developer";
				COPY_PHASE_STRIP = NO;
				DEBUG_INFORMATION_FORMAT = "dwarf-with-dsym";
				ENABLE_NS_ASSERTIONS = NO;
				ENABLE_STRICT_OBJC_MSGSEND = YES;
				GCC_C_LANGUAGE_STANDARD = gnu99;
				GCC_NO_COMMON_BLOCKS = YES;
				GCC_WARN_64_TO_32_BIT_CONVERSION = YES;
				GCC_WARN_ABOUT_RETURN_TYPE = YES_ERROR;
				GCC_WARN_UNDECLARED_SELECTOR = YES;
				GCC_WARN_UNINITIALIZED_AUTOS = YES_AGGRESSIVE;
				GCC_WARN_UNUSED_FUNCTION = YES;
				GCC_WARN_UNUSED_VARIABLE = YES;
				IPHONEOS_DEPLOYMENT_TARGET = 9.3;
				MTL_ENABLE_DEBUG_INFO = NO;
				SDKROOT = iphoneos;
				TARGETED_DEVICE_FAMILY = "1,2";
				VALIDATE_PRODUCT = YES;
			};
			name = Release;
		};
		DC83DD251D1089EA00E1C3F8 /* Debug */ = {
			isa = XCBuildConfiguration;
			buildSettings = {
				ASSETCATALOG_COMPILER_APPICON_NAME = AppIcon;
				CODE_SIGN_IDENTITY = "iPhone Developer";
				"CODE_SIGN_IDENTITY[sdk=iphoneos*]" = "iPhone Developer";
				INFOPLIST_FILE = StrategicSoccer/Info.plist;
				LD_RUNPATH_SEARCH_PATHS = "$(inherited) @executable_path/Frameworks";
				PRODUCT_BUNDLE_IDENTIFIER = com.msjhs.StrategicSoccer;
				PRODUCT_NAME = "$(TARGET_NAME)";
				PROVISIONING_PROFILE = "";
			};
			name = Debug;
		};
		DC83DD261D1089EA00E1C3F8 /* Release */ = {
			isa = XCBuildConfiguration;
			buildSettings = {
				ASSETCATALOG_COMPILER_APPICON_NAME = AppIcon;
				CODE_SIGN_IDENTITY = "iPhone Developer";
				"CODE_SIGN_IDENTITY[sdk=iphoneos*]" = "iPhone Developer";
				INFOPLIST_FILE = StrategicSoccer/Info.plist;
				LD_RUNPATH_SEARCH_PATHS = "$(inherited) @executable_path/Frameworks";
				PRODUCT_BUNDLE_IDENTIFIER = com.msjhs.StrategicSoccer;
				PRODUCT_NAME = "$(TARGET_NAME)";
				PROVISIONING_PROFILE = "";
			};
			name = Release;
		};
		DC83DD281D1089EA00E1C3F8 /* Debug */ = {
			isa = XCBuildConfiguration;
			buildSettings = {
				BUNDLE_LOADER = "$(TEST_HOST)";
				DEBUG_INFORMATION_FORMAT = dwarf;
				INFOPLIST_FILE = StrategicSoccerTests/Info.plist;
				LD_RUNPATH_SEARCH_PATHS = "$(inherited) @executable_path/Frameworks @loader_path/Frameworks";
				PRODUCT_BUNDLE_IDENTIFIER = com.msjhs.StrategicSoccerTests;
				PRODUCT_NAME = "$(TARGET_NAME)";
				TEST_HOST = "$(BUILT_PRODUCTS_DIR)/StrategicSoccer.app/StrategicSoccer";
			};
			name = Debug;
		};
		DC83DD291D1089EA00E1C3F8 /* Release */ = {
			isa = XCBuildConfiguration;
			buildSettings = {
				BUNDLE_LOADER = "$(TEST_HOST)";
				INFOPLIST_FILE = StrategicSoccerTests/Info.plist;
				LD_RUNPATH_SEARCH_PATHS = "$(inherited) @executable_path/Frameworks @loader_path/Frameworks";
				PRODUCT_BUNDLE_IDENTIFIER = com.msjhs.StrategicSoccerTests;
				PRODUCT_NAME = "$(TARGET_NAME)";
				TEST_HOST = "$(BUILT_PRODUCTS_DIR)/StrategicSoccer.app/StrategicSoccer";
			};
			name = Release;
		};
		DC83DD2B1D1089EA00E1C3F8 /* Debug */ = {
			isa = XCBuildConfiguration;
			buildSettings = {
				DEBUG_INFORMATION_FORMAT = dwarf;
				INFOPLIST_FILE = StrategicSoccerUITests/Info.plist;
				LD_RUNPATH_SEARCH_PATHS = "$(inherited) @executable_path/Frameworks @loader_path/Frameworks";
				PRODUCT_BUNDLE_IDENTIFIER = com.msjhs.StrategicSoccerUITests;
				PRODUCT_NAME = "$(TARGET_NAME)";
				TEST_TARGET_NAME = StrategicSoccer;
			};
			name = Debug;
		};
		DC83DD2C1D1089EA00E1C3F8 /* Release */ = {
			isa = XCBuildConfiguration;
			buildSettings = {
				INFOPLIST_FILE = StrategicSoccerUITests/Info.plist;
				LD_RUNPATH_SEARCH_PATHS = "$(inherited) @executable_path/Frameworks @loader_path/Frameworks";
				PRODUCT_BUNDLE_IDENTIFIER = com.msjhs.StrategicSoccerUITests;
				PRODUCT_NAME = "$(TARGET_NAME)";
				TEST_TARGET_NAME = StrategicSoccer;
			};
			name = Release;
		};
/* End XCBuildConfiguration section */

/* Begin XCConfigurationList section */
		DC83DCF31D1089E900E1C3F8 /* Build configuration list for PBXProject "StrategicSoccer" */ = {
			isa = XCConfigurationList;
			buildConfigurations = (
				DC83DD221D1089EA00E1C3F8 /* Debug */,
				DC83DD231D1089EA00E1C3F8 /* Release */,
			);
			defaultConfigurationIsVisible = 0;
			defaultConfigurationName = Release;
		};
		DC83DD241D1089EA00E1C3F8 /* Build configuration list for PBXNativeTarget "StrategicSoccer" */ = {
			isa = XCConfigurationList;
			buildConfigurations = (
				DC83DD251D1089EA00E1C3F8 /* Debug */,
				DC83DD261D1089EA00E1C3F8 /* Release */,
			);
			defaultConfigurationIsVisible = 0;
			defaultConfigurationName = Release;
		};
		DC83DD271D1089EA00E1C3F8 /* Build configuration list for PBXNativeTarget "StrategicSoccerTests" */ = {
			isa = XCConfigurationList;
			buildConfigurations = (
				DC83DD281D1089EA00E1C3F8 /* Debug */,
				DC83DD291D1089EA00E1C3F8 /* Release */,
			);
			defaultConfigurationIsVisible = 0;
			defaultConfigurationName = Release;
		};
		DC83DD2A1D1089EA00E1C3F8 /* Build configuration list for PBXNativeTarget "StrategicSoccerUITests" */ = {
			isa = XCConfigurationList;
			buildConfigurations = (
				DC83DD2B1D1089EA00E1C3F8 /* Debug */,
				DC83DD2C1D1089EA00E1C3F8 /* Release */,
			);
			defaultConfigurationIsVisible = 0;
			defaultConfigurationName = Release;
		};
/* End XCConfigurationList section */
	};
	rootObject = DC83DCF01D1089E900E1C3F8 /* Project object */;
}
